// !$*UTF8*$!
{
	archiveVersion = 1;
	classes = {
	};
	objectVersion = 48;
	objects = {

/* Begin PBXBuildFile section */
		7933FD3E2042B7D300D9BB72 /* DWTransformAnimation.m in Sources */ = {isa = PBXBuildFile; fileRef = 7933FD3D2042B7D300D9BB72 /* DWTransformAnimation.m */; };
		797122FF20401669003BA6B5 /* DWItemAnimationProtocol.m in Sources */ = {isa = PBXBuildFile; fileRef = 797122FE20401669003BA6B5 /* DWItemAnimationProtocol.m */; };
		7971230220401BE4003BA6B5 /* DWBounceAnimation.m in Sources */ = {isa = PBXBuildFile; fileRef = 7971230120401BE4003BA6B5 /* DWBounceAnimation.m */; };
		7987FA7D204166EA004CA23F /* DWRotationAnimation.m in Sources */ = {isa = PBXBuildFile; fileRef = 7987FA7C204166EA004CA23F /* DWRotationAnimation.m */; };
		7987FA8020417926004CA23F /* RotationViewController.m in Sources */ = {isa = PBXBuildFile; fileRef = 7987FA7F20417926004CA23F /* RotationViewController.m */; };
		798AD267203EB7E400502E4E /* AppDelegate.m in Sources */ = {isa = PBXBuildFile; fileRef = 798AD266203EB7E400502E4E /* AppDelegate.m */; };
		798AD26A203EB7E400502E4E /* ViewController.m in Sources */ = {isa = PBXBuildFile; fileRef = 798AD269203EB7E400502E4E /* ViewController.m */; };
		798AD26D203EB7E400502E4E /* Main.storyboard in Resources */ = {isa = PBXBuildFile; fileRef = 798AD26B203EB7E400502E4E /* Main.storyboard */; };
		798AD26F203EB7E400502E4E /* Assets.xcassets in Resources */ = {isa = PBXBuildFile; fileRef = 798AD26E203EB7E400502E4E /* Assets.xcassets */; };
		798AD272203EB7E400502E4E /* LaunchScreen.storyboard in Resources */ = {isa = PBXBuildFile; fileRef = 798AD270203EB7E400502E4E /* LaunchScreen.storyboard */; };
		798AD275203EB7E400502E4E /* main.m in Sources */ = {isa = PBXBuildFile; fileRef = 798AD274203EB7E400502E4E /* main.m */; };
		798AD27F203EB7E400502E4E /* DWAnimatedTabBarTests.m in Sources */ = {isa = PBXBuildFile; fileRef = 798AD27E203EB7E400502E4E /* DWAnimatedTabBarTests.m */; };
		798AD292203EBCDD00502E4E /* DWAnimatedTabBarController.m in Sources */ = {isa = PBXBuildFile; fileRef = 798AD291203EBCDD00502E4E /* DWAnimatedTabBarController.m */; };
/* End PBXBuildFile section */

/* Begin PBXContainerItemProxy section */
		798AD27B203EB7E400502E4E /* PBXContainerItemProxy */ = {
			isa = PBXContainerItemProxy;
			containerPortal = 798AD25A203EB7E400502E4E /* Project object */;
			proxyType = 1;
			remoteGlobalIDString = 798AD261203EB7E400502E4E;
			remoteInfo = DWAnimatedTabBar;
		};
/* End PBXContainerItemProxy section */

/* Begin PBXFileReference section */
		7933FD3C2042B7D300D9BB72 /* DWTransformAnimation.h */ = {isa = PBXFileReference; lastKnownFileType = sourcecode.c.h; path = DWTransformAnimation.h; sourceTree = "<group>"; };
		7933FD3D2042B7D300D9BB72 /* DWTransformAnimation.m */ = {isa = PBXFileReference; lastKnownFileType = sourcecode.c.objc; path = DWTransformAnimation.m; sourceTree = "<group>"; };
		797122FD20401669003BA6B5 /* DWItemAnimationProtocol.h */ = {isa = PBXFileReference; lastKnownFileType = sourcecode.c.h; path = DWItemAnimationProtocol.h; sourceTree = "<group>"; };
		797122FE20401669003BA6B5 /* DWItemAnimationProtocol.m */ = {isa = PBXFileReference; lastKnownFileType = sourcecode.c.objc; path = DWItemAnimationProtocol.m; sourceTree = "<group>"; };
		7971230020401BE4003BA6B5 /* DWBounceAnimation.h */ = {isa = PBXFileReference; lastKnownFileType = sourcecode.c.h; path = DWBounceAnimation.h; sourceTree = "<group>"; };
		7971230120401BE4003BA6B5 /* DWBounceAnimation.m */ = {isa = PBXFileReference; lastKnownFileType = sourcecode.c.objc; path = DWBounceAnimation.m; sourceTree = "<group>"; };
		7987FA7B204166EA004CA23F /* DWRotationAnimation.h */ = {isa = PBXFileReference; lastKnownFileType = sourcecode.c.h; path = DWRotationAnimation.h; sourceTree = "<group>"; };
		7987FA7C204166EA004CA23F /* DWRotationAnimation.m */ = {isa = PBXFileReference; lastKnownFileType = sourcecode.c.objc; path = DWRotationAnimation.m; sourceTree = "<group>"; };
		7987FA7E20417926004CA23F /* RotationViewController.h */ = {isa = PBXFileReference; lastKnownFileType = sourcecode.c.h; path = RotationViewController.h; sourceTree = "<group>"; };
		7987FA7F20417926004CA23F /* RotationViewController.m */ = {isa = PBXFileReference; lastKnownFileType = sourcecode.c.objc; path = RotationViewController.m; sourceTree = "<group>"; };
		798AD262203EB7E400502E4E /* DWAnimatedTabBar.app */ = {isa = PBXFileReference; explicitFileType = wrapper.application; includeInIndex = 0; path = DWAnimatedTabBar.app; sourceTree = BUILT_PRODUCTS_DIR; };
		798AD265203EB7E400502E4E /* AppDelegate.h */ = {isa = PBXFileReference; lastKnownFileType = sourcecode.c.h; path = AppDelegate.h; sourceTree = "<group>"; };
		798AD266203EB7E400502E4E /* AppDelegate.m */ = {isa = PBXFileReference; lastKnownFileType = sourcecode.c.objc; path = AppDelegate.m; sourceTree = "<group>"; };
		798AD268203EB7E400502E4E /* ViewController.h */ = {isa = PBXFileReference; lastKnownFileType = sourcecode.c.h; path = ViewController.h; sourceTree = "<group>"; };
		798AD269203EB7E400502E4E /* ViewController.m */ = {isa = PBXFileReference; lastKnownFileType = sourcecode.c.objc; path = ViewController.m; sourceTree = "<group>"; };
		798AD26C203EB7E400502E4E /* Base */ = {isa = PBXFileReference; lastKnownFileType = file.storyboard; name = Base; path = Base.lproj/Main.storyboard; sourceTree = "<group>"; };
		798AD26E203EB7E400502E4E /* Assets.xcassets */ = {isa = PBXFileReference; lastKnownFileType = folder.assetcatalog; path = Assets.xcassets; sourceTree = "<group>"; };
		798AD271203EB7E400502E4E /* Base */ = {isa = PBXFileReference; lastKnownFileType = file.storyboard; name = Base; path = Base.lproj/LaunchScreen.storyboard; sourceTree = "<group>"; };
		798AD273203EB7E400502E4E /* Info.plist */ = {isa = PBXFileReference; lastKnownFileType = text.plist.xml; path = Info.plist; sourceTree = "<group>"; };
		798AD274203EB7E400502E4E /* main.m */ = {isa = PBXFileReference; lastKnownFileType = sourcecode.c.objc; path = main.m; sourceTree = "<group>"; };
		798AD27A203EB7E400502E4E /* DWAnimatedTabBarTests.xctest */ = {isa = PBXFileReference; explicitFileType = wrapper.cfbundle; includeInIndex = 0; path = DWAnimatedTabBarTests.xctest; sourceTree = BUILT_PRODUCTS_DIR; };
		798AD27E203EB7E400502E4E /* DWAnimatedTabBarTests.m */ = {isa = PBXFileReference; lastKnownFileType = sourcecode.c.objc; path = DWAnimatedTabBarTests.m; sourceTree = "<group>"; };
		798AD280203EB7E400502E4E /* Info.plist */ = {isa = PBXFileReference; lastKnownFileType = text.plist.xml; path = Info.plist; sourceTree = "<group>"; };
		798AD290203EBCDD00502E4E /* DWAnimatedTabBarController.h */ = {isa = PBXFileReference; lastKnownFileType = sourcecode.c.h; path = DWAnimatedTabBarController.h; sourceTree = "<group>"; };
		798AD291203EBCDD00502E4E /* DWAnimatedTabBarController.m */ = {isa = PBXFileReference; lastKnownFileType = sourcecode.c.objc; path = DWAnimatedTabBarController.m; sourceTree = "<group>"; };
/* End PBXFileReference section */

/* Begin PBXFrameworksBuildPhase section */
		798AD25F203EB7E400502E4E /* Frameworks */ = {
			isa = PBXFrameworksBuildPhase;
			buildActionMask = 2147483647;
			files = (
			);
			runOnlyForDeploymentPostprocessing = 0;
		};
		798AD277203EB7E400502E4E /* Frameworks */ = {
			isa = PBXFrameworksBuildPhase;
			buildActionMask = 2147483647;
			files = (
			);
			runOnlyForDeploymentPostprocessing = 0;
		};
/* End PBXFrameworksBuildPhase section */

/* Begin PBXGroup section */
		798AD259203EB7E400502E4E = {
			isa = PBXGroup;
			children = (
				798AD289203EB82C00502E4E /* DWAnimatedTabBarController */,
				798AD264203EB7E400502E4E /* DWAnimatedTabBar */,
				798AD27D203EB7E400502E4E /* DWAnimatedTabBarTests */,
				798AD263203EB7E400502E4E /* Products */,
			);
			sourceTree = "<group>";
		};
		798AD263203EB7E400502E4E /* Products */ = {
			isa = PBXGroup;
			children = (
				798AD262203EB7E400502E4E /* DWAnimatedTabBar.app */,
				798AD27A203EB7E400502E4E /* DWAnimatedTabBarTests.xctest */,
			);
			name = Products;
			sourceTree = "<group>";
		};
		798AD264203EB7E400502E4E /* DWAnimatedTabBar */ = {
			isa = PBXGroup;
			children = (
				798AD265203EB7E400502E4E /* AppDelegate.h */,
				798AD266203EB7E400502E4E /* AppDelegate.m */,
				798AD268203EB7E400502E4E /* ViewController.h */,
				798AD269203EB7E400502E4E /* ViewController.m */,
				7987FA7E20417926004CA23F /* RotationViewController.h */,
				7987FA7F20417926004CA23F /* RotationViewController.m */,
				798AD26B203EB7E400502E4E /* Main.storyboard */,
				798AD26E203EB7E400502E4E /* Assets.xcassets */,
				798AD270203EB7E400502E4E /* LaunchScreen.storyboard */,
				798AD273203EB7E400502E4E /* Info.plist */,
				798AD274203EB7E400502E4E /* main.m */,
			);
			path = DWAnimatedTabBar;
			sourceTree = "<group>";
		};
		798AD27D203EB7E400502E4E /* DWAnimatedTabBarTests */ = {
			isa = PBXGroup;
			children = (
				798AD27E203EB7E400502E4E /* DWAnimatedTabBarTests.m */,
				798AD280203EB7E400502E4E /* Info.plist */,
			);
			path = DWAnimatedTabBarTests;
			sourceTree = "<group>";
		};
		798AD289203EB82C00502E4E /* DWAnimatedTabBarController */ = {
			isa = PBXGroup;
			children = (
				798AD290203EBCDD00502E4E /* DWAnimatedTabBarController.h */,
				798AD291203EBCDD00502E4E /* DWAnimatedTabBarController.m */,
				797122FD20401669003BA6B5 /* DWItemAnimationProtocol.h */,
				797122FE20401669003BA6B5 /* DWItemAnimationProtocol.m */,
				7971230020401BE4003BA6B5 /* DWBounceAnimation.h */,
				7971230120401BE4003BA6B5 /* DWBounceAnimation.m */,
				7987FA7B204166EA004CA23F /* DWRotationAnimation.h */,
				7987FA7C204166EA004CA23F /* DWRotationAnimation.m */,
				7933FD3C2042B7D300D9BB72 /* DWTransformAnimation.h */,
				7933FD3D2042B7D300D9BB72 /* DWTransformAnimation.m */,
			);
			path = DWAnimatedTabBarController;
			sourceTree = "<group>";
		};
/* End PBXGroup section */

/* Begin PBXNativeTarget section */
		798AD261203EB7E400502E4E /* DWAnimatedTabBar */ = {
			isa = PBXNativeTarget;
			buildConfigurationList = 798AD283203EB7E400502E4E /* Build configuration list for PBXNativeTarget "DWAnimatedTabBar" */;
			buildPhases = (
				798AD25E203EB7E400502E4E /* Sources */,
				798AD25F203EB7E400502E4E /* Frameworks */,
				798AD260203EB7E400502E4E /* Resources */,
			);
			buildRules = (
			);
			dependencies = (
			);
			name = DWAnimatedTabBar;
			productName = DWAnimatedTabBar;
			productReference = 798AD262203EB7E400502E4E /* DWAnimatedTabBar.app */;
			productType = "com.apple.product-type.application";
		};
		798AD279203EB7E400502E4E /* DWAnimatedTabBarTests */ = {
			isa = PBXNativeTarget;
			buildConfigurationList = 798AD286203EB7E400502E4E /* Build configuration list for PBXNativeTarget "DWAnimatedTabBarTests" */;
			buildPhases = (
				798AD276203EB7E400502E4E /* Sources */,
				798AD277203EB7E400502E4E /* Frameworks */,
				798AD278203EB7E400502E4E /* Resources */,
			);
			buildRules = (
			);
			dependencies = (
				798AD27C203EB7E400502E4E /* PBXTargetDependency */,
			);
			name = DWAnimatedTabBarTests;
			productName = DWAnimatedTabBarTests;
			productReference = 798AD27A203EB7E400502E4E /* DWAnimatedTabBarTests.xctest */;
			productType = "com.apple.product-type.bundle.unit-test";
		};
/* End PBXNativeTarget section */

/* Begin PBXProject section */
		798AD25A203EB7E400502E4E /* Project object */ = {
			isa = PBXProject;
			attributes = {
				LastUpgradeCheck = 0920;
				ORGANIZATIONNAME = Dwyane_Coding;
				TargetAttributes = {
					798AD261203EB7E400502E4E = {
						CreatedOnToolsVersion = 9.2;
						ProvisioningStyle = Automatic;
					};
					798AD279203EB7E400502E4E = {
						CreatedOnToolsVersion = 9.2;
						ProvisioningStyle = Automatic;
						TestTargetID = 798AD261203EB7E400502E4E;
					};
				};
			};
			buildConfigurationList = 798AD25D203EB7E400502E4E /* Build configuration list for PBXProject "DWAnimatedTabBar" */;
			compatibilityVersion = "Xcode 8.0";
			developmentRegion = en;
			hasScannedForEncodings = 0;
			knownRegions = (
				en,
				Base,
			);
			mainGroup = 798AD259203EB7E400502E4E;
			productRefGroup = 798AD263203EB7E400502E4E /* Products */;
			projectDirPath = "";
			projectRoot = "";
			targets = (
				798AD261203EB7E400502E4E /* DWAnimatedTabBar */,
				798AD279203EB7E400502E4E /* DWAnimatedTabBarTests */,
			);
		};
/* End PBXProject section */

/* Begin PBXResourcesBuildPhase section */
		798AD260203EB7E400502E4E /* Resources */ = {
			isa = PBXResourcesBuildPhase;
			buildActionMask = 2147483647;
			files = (
				798AD272203EB7E400502E4E /* LaunchScreen.storyboard in Resources */,
				798AD26F203EB7E400502E4E /* Assets.xcassets in Resources */,
				798AD26D203EB7E400502E4E /* Main.storyboard in Resources */,
			);
			runOnlyForDeploymentPostprocessing = 0;
		};
		798AD278203EB7E400502E4E /* Resources */ = {
			isa = PBXResourcesBuildPhase;
			buildActionMask = 2147483647;
			files = (
			);
			runOnlyForDeploymentPostprocessing = 0;
		};
/* End PBXResourcesBuildPhase section */

/* Begin PBXSourcesBuildPhase section */
		798AD25E203EB7E400502E4E /* Sources */ = {
			isa = PBXSourcesBuildPhase;
			buildActionMask = 2147483647;
			files = (
				797122FF20401669003BA6B5 /* DWItemAnimationProtocol.m in Sources */,
				7933FD3E2042B7D300D9BB72 /* DWTransformAnimation.m in Sources */,
				7971230220401BE4003BA6B5 /* DWBounceAnimation.m in Sources */,
				7987FA8020417926004CA23F /* RotationViewController.m in Sources */,
				7987FA7D204166EA004CA23F /* DWRotationAnimation.m in Sources */,
				798AD26A203EB7E400502E4E /* ViewController.m in Sources */,
				798AD292203EBCDD00502E4E /* DWAnimatedTabBarController.m in Sources */,
				798AD275203EB7E400502E4E /* main.m in Sources */,
				798AD267203EB7E400502E4E /* AppDelegate.m in Sources */,
			);
			runOnlyForDeploymentPostprocessing = 0;
		};
		798AD276203EB7E400502E4E /* Sources */ = {
			isa = PBXSourcesBuildPhase;
			buildActionMask = 2147483647;
			files = (
				798AD27F203EB7E400502E4E /* DWAnimatedTabBarTests.m in Sources */,
			);
			runOnlyForDeploymentPostprocessing = 0;
		};
/* End PBXSourcesBuildPhase section */

/* Begin PBXTargetDependency section */
		798AD27C203EB7E400502E4E /* PBXTargetDependency */ = {
			isa = PBXTargetDependency;
			target = 798AD261203EB7E400502E4E /* DWAnimatedTabBar */;
			targetProxy = 798AD27B203EB7E400502E4E /* PBXContainerItemProxy */;
		};
/* End PBXTargetDependency section */

/* Begin PBXVariantGroup section */
		798AD26B203EB7E400502E4E /* Main.storyboard */ = {
			isa = PBXVariantGroup;
			children = (
				798AD26C203EB7E400502E4E /* Base */,
			);
			name = Main.storyboard;
			sourceTree = "<group>";
		};
		798AD270203EB7E400502E4E /* LaunchScreen.storyboard */ = {
			isa = PBXVariantGroup;
			children = (
				798AD271203EB7E400502E4E /* Base */,
			);
			name = LaunchScreen.storyboard;
			sourceTree = "<group>";
		};
/* End PBXVariantGroup section */

/* Begin XCBuildConfiguration section */
		798AD281203EB7E400502E4E /* Debug */ = {
			isa = XCBuildConfiguration;
			buildSettings = {
				ALWAYS_SEARCH_USER_PATHS = NO;
				CLANG_ANALYZER_NONNULL = YES;
				CLANG_ANALYZER_NUMBER_OBJECT_CONVERSION = YES_AGGRESSIVE;
				CLANG_CXX_LANGUAGE_STANDARD = "gnu++14";
				CLANG_CXX_LIBRARY = "libc++";
				CLANG_ENABLE_MODULES = YES;
				CLANG_ENABLE_OBJC_ARC = YES;
				CLANG_WARN_BLOCK_CAPTURE_AUTORELEASING = YES;
				CLANG_WARN_BOOL_CONVERSION = YES;
				CLANG_WARN_COMMA = YES;
				CLANG_WARN_CONSTANT_CONVERSION = YES;
				CLANG_WARN_DIRECT_OBJC_ISA_USAGE = YES_ERROR;
				CLANG_WARN_DOCUMENTATION_COMMENTS = YES;
				CLANG_WARN_EMPTY_BODY = YES;
				CLANG_WARN_ENUM_CONVERSION = YES;
				CLANG_WARN_INFINITE_RECURSION = YES;
				CLANG_WARN_INT_CONVERSION = YES;
				CLANG_WARN_NON_LITERAL_NULL_CONVERSION = YES;
				CLANG_WARN_OBJC_LITERAL_CONVERSION = YES;
				CLANG_WARN_OBJC_ROOT_CLASS = YES_ERROR;
				CLANG_WARN_RANGE_LOOP_ANALYSIS = YES;
				CLANG_WARN_STRICT_PROTOTYPES = YES;
				CLANG_WARN_SUSPICIOUS_MOVE = YES;
				CLANG_WARN_UNGUARDED_AVAILABILITY = YES_AGGRESSIVE;
				CLANG_WARN_UNREACHABLE_CODE = YES;
				CLANG_WARN__DUPLICATE_METHOD_MATCH = YES;
				CODE_SIGN_IDENTITY = "iPhone Developer";
				COPY_PHASE_STRIP = NO;
				DEBUG_INFORMATION_FORMAT = dwarf;
				ENABLE_STRICT_OBJC_MSGSEND = YES;
				ENABLE_TESTABILITY = YES;
				GCC_C_LANGUAGE_STANDARD = gnu11;
				GCC_DYNAMIC_NO_PIC = NO;
				GCC_NO_COMMON_BLOCKS = YES;
				GCC_OPTIMIZATION_LEVEL = 0;
				GCC_PREPROCESSOR_DEFINITIONS = (
					"DEBUG=1",
					"$(inherited)",
				);
				GCC_WARN_64_TO_32_BIT_CONVERSION = YES;
				GCC_WARN_ABOUT_RETURN_TYPE = YES_ERROR;
				GCC_WARN_UNDECLARED_SELECTOR = YES;
				GCC_WARN_UNINITIALIZED_AUTOS = YES_AGGRESSIVE;
				GCC_WARN_UNUSED_FUNCTION = YES;
				GCC_WARN_UNUSED_VARIABLE = YES;
				IPHONEOS_DEPLOYMENT_TARGET = 11.2;
				MTL_ENABLE_DEBUG_INFO = YES;
				ONLY_ACTIVE_ARCH = YES;
				SDKROOT = iphoneos;
			};
			name = Debug;
		};
		798AD282203EB7E400502E4E /* Release */ = {
			isa = XCBuildConfiguration;
			buildSettings = {
				ALWAYS_SEARCH_USER_PATHS = NO;
				CLANG_ANALYZER_NONNULL = YES;
				CLANG_ANALYZER_NUMBER_OBJECT_CONVERSION = YES_AGGRESSIVE;
				CLANG_CXX_LANGUAGE_STANDARD = "gnu++14";
				CLANG_CXX_LIBRARY = "libc++";
				CLANG_ENABLE_MODULES = YES;
				CLANG_ENABLE_OBJC_ARC = YES;
				CLANG_WARN_BLOCK_CAPTURE_AUTORELEASING = YES;
				CLANG_WARN_BOOL_CONVERSION = YES;
				CLANG_WARN_COMMA = YES;
				CLANG_WARN_CONSTANT_CONVERSION = YES;
				CLANG_WARN_DIRECT_OBJC_ISA_USAGE = YES_ERROR;
				CLANG_WARN_DOCUMENTATION_COMMENTS = YES;
				CLANG_WARN_EMPTY_BODY = YES;
				CLANG_WARN_ENUM_CONVERSION = YES;
				CLANG_WARN_INFINITE_RECURSION = YES;
				CLANG_WARN_INT_CONVERSION = YES;
				CLANG_WARN_NON_LITERAL_NULL_CONVERSION = YES;
				CLANG_WARN_OBJC_LITERAL_CONVERSION = YES;
				CLANG_WARN_OBJC_ROOT_CLASS = YES_ERROR;
				CLANG_WARN_RANGE_LOOP_ANALYSIS = YES;
				CLANG_WARN_STRICT_PROTOTYPES = YES;
				CLANG_WARN_SUSPICIOUS_MOVE = YES;
				CLANG_WARN_UNGUARDED_AVAILABILITY = YES_AGGRESSIVE;
				CLANG_WARN_UNREACHABLE_CODE = YES;
				CLANG_WARN__DUPLICATE_METHOD_MATCH = YES;
				CODE_SIGN_IDENTITY = "iPhone Developer";
				COPY_PHASE_STRIP = NO;
				DEBUG_INFORMATION_FORMAT = "dwarf-with-dsym";
				ENABLE_NS_ASSERTIONS = NO;
				ENABLE_STRICT_OBJC_MSGSEND = YES;
				GCC_C_LANGUAGE_STANDARD = gnu11;
				GCC_NO_COMMON_BLOCKS = YES;
				GCC_WARN_64_TO_32_BIT_CONVERSION = YES;
				GCC_WARN_ABOUT_RETURN_TYPE = YES_ERROR;
				GCC_WARN_UNDECLARED_SELECTOR = YES;
				GCC_WARN_UNINITIALIZED_AUTOS = YES_AGGRESSIVE;
				GCC_WARN_UNUSED_FUNCTION = YES;
				GCC_WARN_UNUSED_VARIABLE = YES;
				IPHONEOS_DEPLOYMENT_TARGET = 11.2;
				MTL_ENABLE_DEBUG_INFO = NO;
				SDKROOT = iphoneos;
				VALIDATE_PRODUCT = YES;
			};
			name = Release;
		};
		798AD284203EB7E400502E4E /* Debug */ = {
			isa = XCBuildConfiguration;
			buildSettings = {
				ASSETCATALOG_COMPILER_APPICON_NAME = AppIcon;
				CODE_SIGN_STYLE = Automatic;
				INFOPLIST_FILE = DWAnimatedTabBar/Info.plist;
				LD_RUNPATH_SEARCH_PATHS = "$(inherited) @executable_path/Frameworks";
				PRODUCT_BUNDLE_IDENTIFIER = "Dwyane-Coding.DWAnimatedTabBar";
				PRODUCT_NAME = "$(TARGET_NAME)";
				TARGETED_DEVICE_FAMILY = "1,2";
			};
			name = Debug;
		};
		798AD285203EB7E400502E4E /* Release */ = {
			isa = XCBuildConfiguration;
			buildSettings = {
				ASSETCATALOG_COMPILER_APPICON_NAME = AppIcon;
				CODE_SIGN_STYLE = Automatic;
				INFOPLIST_FILE = DWAnimatedTabBar/Info.plist;
				LD_RUNPATH_SEARCH_PATHS = "$(inherited) @executable_path/Frameworks";
				PRODUCT_BUNDLE_IDENTIFIER = "Dwyane-Coding.DWAnimatedTabBar";
				PRODUCT_NAME = "$(TARGET_NAME)";
				TARGETED_DEVICE_FAMILY = "1,2";
			};
			name = Release;
		};
		798AD287203EB7E400502E4E /* Debug */ = {
			isa = XCBuildConfiguration;
			buildSettings = {
				BUNDLE_LOADER = "$(TEST_HOST)";
				CODE_SIGN_STYLE = Automatic;
				INFOPLIST_FILE = DWAnimatedTabBarTests/Info.plist;
				LD_RUNPATH_SEARCH_PATHS = "$(inherited) @executable_path/Frameworks @loader_path/Frameworks";
				PRODUCT_BUNDLE_IDENTIFIER = "Dwyane-Coding.DWAnimatedTabBarTests";
				PRODUCT_NAME = "$(TARGET_NAME)";
				TARGETED_DEVICE_FAMILY = "1,2";
				TEST_HOST = "$(BUILT_PRODUCTS_DIR)/DWAnimatedTabBar.app/DWAnimatedTabBar";
			};
			name = Debug;
		};
		798AD288203EB7E400502E4E /* Release */ = {
			isa = XCBuildConfiguration;
			buildSettings = {
				BUNDLE_LOADER = "$(TEST_HOST)";
				CODE_SIGN_STYLE = Automatic;
				INFOPLIST_FILE = DWAnimatedTabBarTests/Info.plist;
				LD_RUNPATH_SEARCH_PATHS = "$(inherited) @executable_path/Frameworks @loader_path/Frameworks";
				PRODUCT_BUNDLE_IDENTIFIER = "Dwyane-Coding.DWAnimatedTabBarTests";
				PRODUCT_NAME = "$(TARGET_NAME)";
				TARGETED_DEVICE_FAMILY = "1,2";
				TEST_HOST = "$(BUILT_PRODUCTS_DIR)/DWAnimatedTabBar.app/DWAnimatedTabBar";
			};
			name = Release;
		};
/* End XCBuildConfiguration section */

/* Begin XCConfigurationList section */
		798AD25D203EB7E400502E4E /* Build configuration list for PBXProject "DWAnimatedTabBar" */ = {
			isa = XCConfigurationList;
			buildConfigurations = (
				798AD281203EB7E400502E4E /* Debug */,
				798AD282203EB7E400502E4E /* Release */,
			);
			defaultConfigurationIsVisible = 0;
			defaultConfigurationName = Release;
		};
		798AD283203EB7E400502E4E /* Build configuration list for PBXNativeTarget "DWAnimatedTabBar" */ = {
			isa = XCConfigurationList;
			buildConfigurations = (
				798AD284203EB7E400502E4E /* Debug */,
				798AD285203EB7E400502E4E /* Release */,
			);
			defaultConfigurationIsVisible = 0;
			defaultConfigurationName = Release;
		};
		798AD286203EB7E400502E4E /* Build configuration list for PBXNativeTarget "DWAnimatedTabBarTests" */ = {
			isa = XCConfigurationList;
			buildConfigurations = (
				798AD287203EB7E400502E4E /* Debug */,
				798AD288203EB7E400502E4E /* Release */,
			);
			defaultConfigurationIsVisible = 0;
			defaultConfigurationName = Release;
		};
/* End XCConfigurationList section */
	};
	rootObject = 798AD25A203EB7E400502E4E /* Project object */;
}
